github.com/AlexxSap/SiDCo v0.0.0-20220820082216-6f96f5e1408e h1:jh+iZqxYxwlDOhkIR9IFsNRyO5jGcK7+8eoe2ykD7lw=
github.com/AlexxSap/SiDCo v0.0.0-20220820082216-6f96f5e1408e/go.mod h1:/fo1id1gzHxxGem0pT81hK5TgEwzuUZJVeuHOKSu28Q=
github.com/AlexxSap/SiDCo v0.0.0-20220823200313-6125aceb3e54 h1:T7H887/NwcGorG3j/3YF5P/+ozubtdxbywgsyuHaEBw=
github.com/AlexxSap/SiDCo v0.0.0-20220823200313-6125aceb3e54/go.mod h1:/fo1id1gzHxxGem0pT81hK5TgEwzuUZJVeuHOKSu28Q=
